
Microsoft Visual Studio Solution File, Format Version 12.00
# Visual Studio Version 18
VisualStudioVersion = 18.0.11018.127
MinimumVisualStudioVersion = 10.0.40219.1
Project("{9A19103F-16F7-4668-BE54-9A1E7A4F7556}") = "Terminal.Gui", "Terminal.Gui\Terminal.Gui.csproj", "{00F366F8-DEE4-482C-B9FD-6DB0200B79E5}"
EndProject
Project("{9A19103F-16F7-4668-BE54-9A1E7A4F7556}") = "UICatalog", "Examples\UICatalog\UICatalog.csproj", "{88979F89-9A42-448F-AE3E-3060145F6375}"
EndProject
Project("{9A19103F-16F7-4668-BE54-9A1E7A4F7556}") = "ReactiveExample", "Examples\ReactiveExample\ReactiveExample.csproj", "{44E15B48-0DB2-4560-82BD-D3B7989811C3}"
EndProject
Project("{9A19103F-16F7-4668-BE54-9A1E7A4F7556}") = "Example", "Examples\Example\Example.csproj", "{B0A602CD-E176-449D-8663-64238D54F857}"
EndProject
Project("{2150E333-8FDC-42A3-9474-1A3956D46DE8}") = "Solution Items", "Solution Items", "{E143FB1F-0B88-48CB-9086-72CDCECFCD22}"
	ProjectSection(SolutionItems) = preProject
		docfx\docs\borders.md = docfx\docs\borders.md
	EndProjectSection
EndProject
Project("{9A19103F-16F7-4668-BE54-9A1E7A4F7556}") = "CommunityToolkitExample", "Examples\CommunityToolkitExample\CommunityToolkitExample.csproj", "{58FDCA8F-08F7-4D80-9DA3-6A9AED01E163}"
EndProject
Project("{2150E333-8FDC-42A3-9474-1A3956D46DE8}") = "Settings", "Settings", "{B8F48EE8-34A6-43B7-B00E-CD91CDD93962}"
	ProjectSection(SolutionItems) = preProject
		.editorconfig = .editorconfig
		.filenesting.json = .filenesting.json
		.gitignore = .gitignore
		AGENTS.md = AGENTS.md
		Directory.Build.props = Directory.Build.props
		Directory.Packages.props = Directory.Packages.props
		GitVersion.yml = GitVersion.yml
		global.json = global.json
		nuget.config = nuget.config
		.claude\REFRESH.md = .claude\REFRESH.md
		.claude\settings.json = .claude\settings.json
		Terminal.sln.DotSettings = Terminal.sln.DotSettings
		testenvironments.json = testenvironments.json
		docfx\schemas\tui-config-schema.json = docfx\schemas\tui-config-schema.json
	EndProjectSection
EndProject
Project("{2150E333-8FDC-42A3-9474-1A3956D46DE8}") = "GitHub", "GitHub", "{13BB2C46-B324-4B9C-92EB-CE6184D4736E}"
	ProjectSection(SolutionItems) = preProject
		.github\workflows\api-docs.yml = .github\workflows\api-docs.yml
		.github\workflows\build-validation.yml = .github\workflows\build-validation.yml
		.github\workflows\check-duplicates.yml = .github\workflows\check-duplicates.yml
		copilot-instructions.md = copilot-instructions.md
		GitVersion.yml = GitVersion.yml
		.github\workflows\integration-tests.yml = .github\workflows\integration-tests.yml
		.github\workflows\publish.yml = .github\workflows\publish.yml
		.github\workflows\quick-build.yml = .github\workflows\quick-build.yml
		.github\workflows\README.md = .github\workflows\README.md
		.github\workflows\release.yml = .github\workflows\release.yml
		.github\workflows\stress-tests.yml = .github\workflows\stress-tests.yml
		.github\workflows\unit-tests.yml = .github\workflows\unit-tests.yml
	EndProjectSection
EndProject
Project("{2150E333-8FDC-42A3-9474-1A3956D46DE8}") = "Docs", "Docs", "{C7A51224-5E0F-4986-AB37-A6BF89966C12}"
	ProjectSection(SolutionItems) = preProject
		docfx\docs\ansihandling.md = docfx\docs\ansihandling.md
		docfx\docs\application.md = docfx\docs\application.md
		docfx\docs\arrangement.md = docfx\docs\arrangement.md
		docfx\docs\borders.md = docfx\docs\borders.md
		docfx\docs\cancellable-work-pattern.md = docfx\docs\cancellable-work-pattern.md
		.github\CODEOWNERS = .github\CODEOWNERS
		CODE_OF_CONDUCT.md = CODE_OF_CONDUCT.md
		docfx\docs\command.md = docfx\docs\command.md
		docfx\docs\config.md = docfx\docs\config.md
		CONTRIBUTING.md = CONTRIBUTING.md
		.github\copilot-instructions.md = .github\copilot-instructions.md
		docfx\docs\cursor.md = docfx\docs\cursor.md
		docfx\docs\dimauto.md = docfx\docs\dimauto.md
		docfx\docs\drawing.md = docfx\docs\drawing.md
		docfx\docs\drivers.md = docfx\docs\drivers.md
		docfx\docs\events.md = docfx\docs\events.md
		docfx\docs\getting-started.md = docfx\docs\getting-started.md
		docfx\docs\index.md = docfx\docs\index.md
		docfx\docs\input-injection.md = docfx\docs\input-injection.md
		docfx\docs\keyboard.md = docfx\docs\keyboard.md
		docfx\docs\layout.md = docfx\docs\layout.md
		docfx\docs\lexicon.md = docfx\docs\lexicon.md
		docfx\docs\logging.md = docfx\docs\logging.md
		docfx\docs\menus.md = docfx\docs\menus.md
		docfx\docs\migratingfromv1.md = docfx\docs\migratingfromv1.md
		docfx\docs\mouse.md = docfx\docs\mouse.md
		docfx\docs\multitasking.md = docfx\docs\multitasking.md
		docfx\docs\navigation.md = docfx\docs\navigation.md
		docfx\docs\newinv2.md = docfx\docs\newinv2.md
		docfx\docs\Popovers.md = docfx\docs\Popovers.md
		docfx\docs\prompt.md = docfx\docs\prompt.md
		README.md = README.md
		docfx\docs\scheme.md = docfx\docs\scheme.md
		docfx\docs\scrolling.md = docfx\docs\scrolling.md
		docfx\docs\shortcut.md = docfx\docs\shortcut.md
		docfx\docs\showcase.md = docfx\docs\showcase.md
		docfx\docs\tableview.md = docfx\docs\tableview.md
		docfx\docs\toc.yml = docfx\docs\toc.yml
		docfx\docs\treeview.md = docfx\docs\treeview.md
		docfx\docs\View.md = docfx\docs\View.md
		docfx\docs\views.md = docfx\docs\views.md
	EndProjectSection
EndProject
Project("{9A19103F-16F7-4668-BE54-9A1E7A4F7556}") = "SelfContained", "Examples\SelfContained\SelfContained.csproj", "{524DEA78-7E7C-474D-B42D-52ED4C04FF14}"
	ProjectSection(ProjectDependencies) = postProject
		{00F366F8-DEE4-482C-B9FD-6DB0200B79E5} = {00F366F8-DEE4-482C-B9FD-6DB0200B79E5}
	EndProjectSection
EndProject
Project("{FAE04EC0-301F-11D3-BF4B-00C04F79EFBC}") = "NativeAot", "Examples\NativeAot\NativeAot.csproj", "{E6D716C6-AC94-4150-B10A-44AE13F79344}"
	ProjectSection(ProjectDependencies) = postProject
		{00F366F8-DEE4-482C-B9FD-6DB0200B79E5} = {00F366F8-DEE4-482C-B9FD-6DB0200B79E5}
	EndProjectSection
EndProject
Project("{FAE04EC0-301F-11D3-BF4B-00C04F79EFBC}") = "Benchmarks", "Tests\Benchmarks\Benchmarks.csproj", "{242FBD3E-2EC6-4274-BD40-8E62AF9327B2}"
EndProject
Project("{FAE04EC0-301F-11D3-BF4B-00C04F79EFBC}") = "UnitTests.Legacy", "Tests\UnitTests.Legacy\UnitTests.Legacy.csproj", "{038B09F5-EF3A-F21E-7C10-A6551866ECE2}"
EndProject
Project("{FAE04EC0-301F-11D3-BF4B-00C04F79EFBC}") = "UnitTests.NonParallelizable", "Tests\UnitTests.NonParallelizable\UnitTests.NonParallelizable.csproj", "{B7C94F2A-3E8D-4A1B-9F5C-2D1E6A3B7C90}"
EndProject
Project("{FAE04EC0-301F-11D3-BF4B-00C04F79EFBC}") = "IntegrationTests", "Tests\IntegrationTests\IntegrationTests.csproj", "{F74EC349-B988-FCFA-A1E5-967F70FB75B5}"
EndProject
Project("{FAE04EC0-301F-11D3-BF4B-00C04F79EFBC}") = "StressTests", "Tests\StressTests\StressTests.csproj", "{96ACE8BA-2E07-7537-FBF2-E8176CCB8080}"
EndProject
Project("{FAE04EC0-301F-11D3-BF4B-00C04F79EFBC}") = "UnitTests.Parallelizable", "Tests\UnitTestsParallelizable\UnitTests.Parallelizable.csproj", "{DE780834-190A-8277-51FD-750CC666E82D}"
EndProject
Project("{FAE04EC0-301F-11D3-BF4B-00C04F79EFBC}") = "AppTestHelpers", "Tests\AppTestHelpers\AppTestHelpers.csproj", "{2DBA7BDC-17AE-474B-A507-00807D087607}"
EndProject
Project("{FAE04EC0-301F-11D3-BF4B-00C04F79EFBC}") = "AppTestHelpers.XunitHelpers", "Tests\AppTestHelpers.XunitHelpers\AppTestHelpers.XunitHelpers.csproj", "{F56BAFFD-F227-4B0A-96F0-C800FAEF2036}"
EndProject
Project("{FAE04EC0-301F-11D3-BF4B-00C04F79EFBC}") = "AppTestHelpers.XunitHelpers.Generator", "Tests\AppTestHelpers.XunitHelpers.Generator\AppTestHelpers.XunitHelpers.Generator.csproj", "{199F27D8-A905-4DDC-82CA-1FE1A90B1788}"
EndProject
Project("{2150E333-8FDC-42A3-9474-1A3956D46DE8}") = "Testing", "Testing", "{1A3CBA89-EDAB-4F75-811E-FE81B13A4836}"
	ProjectSection(SolutionItems) = preProject
		codecov.yml = codecov.yml
		Scripts\Run-LocalCoverage.ps1 = Scripts\Run-LocalCoverage.ps1
		Tests\UnitTests.Legacy\runsettings.xml = Tests\UnitTests.Legacy\runsettings.xml
	EndProjectSection
EndProject
Project("{FAE04EC0-301F-11D3-BF4B-00C04F79EFBC}") = "FluentExample", "Examples\FluentExample\FluentExample.csproj", "{8C05292F-86C9-C29A-635B-A4DFC5955D1C}"
EndProject
Project("{FAE04EC0-301F-11D3-BF4B-00C04F79EFBC}") = "PromptExample", "Examples\PromptExample\PromptExample.csproj", "{26FDEE3C-9D1F-79A6-F48F-D0944C7F09F8}"
EndProject
Project("{FAE04EC0-301F-11D3-BF4B-00C04F79EFBC}") = "OutputView", "docfx\scripts\OutputView\OutputView.csproj", "{566AFB59-FF8C-FFF4-C1F4-049B6246E4A7}"
EndProject
Project("{2150E333-8FDC-42A3-9474-1A3956D46DE8}") = "Examples", "Examples", "{3DD033C0-E023-47BF-A808-9CCE30873C3E}"
	ProjectSection(SolutionItems) = preProject
		Examples\Config\example_config.json = Examples\Config\example_config.json
		Examples\Config\macos.json = Examples\Config\macos.json
		Examples\PowershellExample.ps1 = Examples\PowershellExample.ps1
		Examples\Config\README.md = Examples\Config\README.md
		Examples\Config\windows.json = Examples\Config\windows.json
	EndProjectSection
EndProject
Project("{FAE04EC0-301F-11D3-BF4B-00C04F79EFBC}") = "ScenarioRunner", "Examples\ScenarioRunner\ScenarioRunner.csproj", "{DB0337E6-BBC0-4ECB-9F18-F7310705BDAF}"
EndProject
Project("{2150E333-8FDC-42A3-9474-1A3956D46DE8}") = "Tests", "Tests", "{A589126F-C71A-4FEE-B7EA-2DCA1ADF6A46}"
EndProject
Project("{FAE04EC0-301F-11D3-BF4B-00C04F79EFBC}") = "InlineCLI", "Examples\InlineCLI\InlineCLI.csproj", "{90A42AE4-301D-4B05-8892-60BE5209C1B5}"
EndProject
Project("{FAE04EC0-301F-11D3-BF4B-00C04F79EFBC}") = "InlineColorPicker", "Examples\InlineColorPicker\InlineColorPicker.csproj", "{70802F77-F259-44C6-9522-46FCE2FD754E}"
EndProject
Project("{FAE04EC0-301F-11D3-BF4B-00C04F79EFBC}") = "InlineSelect", "Examples\InlineSelect\InlineSelect.csproj", "{3116547F-A8F2-4189-BC22-0B47C757164C}"
EndProject
Project("{FAE04EC0-301F-11D3-BF4B-00C04F79EFBC}") = "Terminal.Gui.Analyzers.Internal", "Terminal.Gui.Analyzers.Internal\Terminal.Gui.Analyzers.Internal.csproj", "{927CCC07-F00C-409C-BE42-458EB03DD4E8}"
EndProject
Project("{FAE04EC0-301F-11D3-BF4B-00C04F79EFBC}") = "AI", "Examples\AI\AI.csproj", "{1737CFE6-456F-B41B-70D0-2F9EC6BE554F}"
EndProject
Global
	GlobalSection(SolutionConfigurationPlatforms) = preSolution
		Debug|Any CPU = Debug|Any CPU
		Debug|x64 = Debug|x64
		Debug|x86 = Debug|x86
		Release|Any CPU = Release|Any CPU
		Release|x64 = Release|x64
		Release|x86 = Release|x86
	EndGlobalSection
	GlobalSection(ProjectConfigurationPlatforms) = postSolution
		{00F366F8-DEE4-482C-B9FD-6DB0200B79E5}.Debug|Any CPU.ActiveCfg = Debug|Any CPU
		{00F366F8-DEE4-482C-B9FD-6DB0200B79E5}.Debug|Any CPU.Build.0 = Debug|Any CPU
		{00F366F8-DEE4-482C-B9FD-6DB0200B79E5}.Debug|x64.ActiveCfg = Debug|Any CPU
		{00F366F8-DEE4-482C-B9FD-6DB0200B79E5}.Debug|x64.Build.0 = Debug|Any CPU
		{00F366F8-DEE4-482C-B9FD-6DB0200B79E5}.Debug|x86.ActiveCfg = Debug|Any CPU
		{00F366F8-DEE4-482C-B9FD-6DB0200B79E5}.Debug|x86.Build.0 = Debug|Any CPU
		{00F366F8-DEE4-482C-B9FD-6DB0200B79E5}.Release|Any CPU.ActiveCfg = Release|Any CPU
		{00F366F8-DEE4-482C-B9FD-6DB0200B79E5}.Release|Any CPU.Build.0 = Release|Any CPU
		{00F366F8-DEE4-482C-B9FD-6DB0200B79E5}.Release|x64.ActiveCfg = Release|Any CPU
		{00F366F8-DEE4-482C-B9FD-6DB0200B79E5}.Release|x64.Build.0 = Release|Any CPU
		{00F366F8-DEE4-482C-B9FD-6DB0200B79E5}.Release|x86.ActiveCfg = Release|Any CPU
		{00F366F8-DEE4-482C-B9FD-6DB0200B79E5}.Release|x86.Build.0 = Release|Any CPU
		{88979F89-9A42-448F-AE3E-3060145F6375}.Debug|Any CPU.ActiveCfg = Debug|Any CPU
		{88979F89-9A42-448F-AE3E-3060145F6375}.Debug|Any CPU.Build.0 = Debug|Any CPU
		{88979F89-9A42-448F-AE3E-3060145F6375}.Debug|x64.ActiveCfg = Debug|Any CPU
		{88979F89-9A42-448F-AE3E-3060145F6375}.Debug|x64.Build.0 = Debug|Any CPU
		{88979F89-9A42-448F-AE3E-3060145F6375}.Debug|x86.ActiveCfg = Debug|Any CPU
		{88979F89-9A42-448F-AE3E-3060145F6375}.Debug|x86.Build.0 = Debug|Any CPU
		{88979F89-9A42-448F-AE3E-3060145F6375}.Release|Any CPU.ActiveCfg = Release|Any CPU
		{88979F89-9A42-448F-AE3E-3060145F6375}.Release|Any CPU.Build.0 = Release|Any CPU
		{88979F89-9A42-448F-AE3E-3060145F6375}.Release|x64.ActiveCfg = Release|Any CPU
		{88979F89-9A42-448F-AE3E-3060145F6375}.Release|x64.Build.0 = Release|Any CPU
		{88979F89-9A42-448F-AE3E-3060145F6375}.Release|x86.ActiveCfg = Release|Any CPU
		{88979F89-9A42-448F-AE3E-3060145F6375}.Release|x86.Build.0 = Release|Any CPU
		{44E15B48-0DB2-4560-82BD-D3B7989811C3}.Debug|Any CPU.ActiveCfg = Debug|Any CPU
		{44E15B48-0DB2-4560-82BD-D3B7989811C3}.Debug|Any CPU.Build.0 = Debug|Any CPU
		{44E15B48-0DB2-4560-82BD-D3B7989811C3}.Debug|x64.ActiveCfg = Debug|Any CPU
		{44E15B48-0DB2-4560-82BD-D3B7989811C3}.Debug|x64.Build.0 = Debug|Any CPU
		{44E15B48-0DB2-4560-82BD-D3B7989811C3}.Debug|x86.ActiveCfg = Debug|Any CPU
		{44E15B48-0DB2-4560-82BD-D3B7989811C3}.Debug|x86.Build.0 = Debug|Any CPU
		{44E15B48-0DB2-4560-82BD-D3B7989811C3}.Release|Any CPU.ActiveCfg = Release|Any CPU
		{44E15B48-0DB2-4560-82BD-D3B7989811C3}.Release|Any CPU.Build.0 = Release|Any CPU
		{44E15B48-0DB2-4560-82BD-D3B7989811C3}.Release|x64.ActiveCfg = Release|Any CPU
		{44E15B48-0DB2-4560-82BD-D3B7989811C3}.Release|x64.Build.0 = Release|Any CPU
		{44E15B48-0DB2-4560-82BD-D3B7989811C3}.Release|x86.ActiveCfg = Release|Any CPU
		{44E15B48-0DB2-4560-82BD-D3B7989811C3}.Release|x86.Build.0 = Release|Any CPU
		{B0A602CD-E176-449D-8663-64238D54F857}.Debug|Any CPU.ActiveCfg = Debug|Any CPU
		{B0A602CD-E176-449D-8663-64238D54F857}.Debug|Any CPU.Build.0 = Debug|Any CPU
		{B0A602CD-E176-449D-8663-64238D54F857}.Debug|x64.ActiveCfg = Debug|Any CPU
		{B0A602CD-E176-449D-8663-64238D54F857}.Debug|x64.Build.0 = Debug|Any CPU
		{B0A602CD-E176-449D-8663-64238D54F857}.Debug|x86.ActiveCfg = Debug|Any CPU
		{B0A602CD-E176-449D-8663-64238D54F857}.Debug|x86.Build.0 = Debug|Any CPU
		{B0A602CD-E176-449D-8663-64238D54F857}.Release|Any CPU.ActiveCfg = Release|Any CPU
		{B0A602CD-E176-449D-8663-64238D54F857}.Release|Any CPU.Build.0 = Release|Any CPU
		{B0A602CD-E176-449D-8663-64238D54F857}.Release|x64.ActiveCfg = Release|Any CPU
		{B0A602CD-E176-449D-8663-64238D54F857}.Release|x64.Build.0 = Release|Any CPU
		{B0A602CD-E176-449D-8663-64238D54F857}.Release|x86.ActiveCfg = Release|Any CPU
		{B0A602CD-E176-449D-8663-64238D54F857}.Release|x86.Build.0 = Release|Any CPU
		{58FDCA8F-08F7-4D80-9DA3-6A9AED01E163}.Debug|Any CPU.ActiveCfg = Debug|Any CPU
		{58FDCA8F-08F7-4D80-9DA3-6A9AED01E163}.Debug|Any CPU.Build.0 = Debug|Any CPU
		{58FDCA8F-08F7-4D80-9DA3-6A9AED01E163}.Debug|x64.ActiveCfg = Debug|Any CPU
		{58FDCA8F-08F7-4D80-9DA3-6A9AED01E163}.Debug|x64.Build.0 = Debug|Any CPU
		{58FDCA8F-08F7-4D80-9DA3-6A9AED01E163}.Debug|x86.ActiveCfg = Debug|Any CPU
		{58FDCA8F-08F7-4D80-9DA3-6A9AED01E163}.Debug|x86.Build.0 = Debug|Any CPU
		{58FDCA8F-08F7-4D80-9DA3-6A9AED01E163}.Release|Any CPU.ActiveCfg = Release|Any CPU
		{58FDCA8F-08F7-4D80-9DA3-6A9AED01E163}.Release|Any CPU.Build.0 = Release|Any CPU
		{58FDCA8F-08F7-4D80-9DA3-6A9AED01E163}.Release|x64.ActiveCfg = Release|Any CPU
		{58FDCA8F-08F7-4D80-9DA3-6A9AED01E163}.Release|x64.Build.0 = Release|Any CPU
		{58FDCA8F-08F7-4D80-9DA3-6A9AED01E163}.Release|x86.ActiveCfg = Release|Any CPU
		{58FDCA8F-08F7-4D80-9DA3-6A9AED01E163}.Release|x86.Build.0 = Release|Any CPU
		{524DEA78-7E7C-474D-B42D-52ED4C04FF14}.Debug|Any CPU.ActiveCfg = Debug|Any CPU
		{524DEA78-7E7C-474D-B42D-52ED4C04FF14}.Debug|Any CPU.Build.0 = Debug|Any CPU
		{524DEA78-7E7C-474D-B42D-52ED4C04FF14}.Debug|x64.ActiveCfg = Debug|Any CPU
		{524DEA78-7E7C-474D-B42D-52ED4C04FF14}.Debug|x64.Build.0 = Debug|Any CPU
		{524DEA78-7E7C-474D-B42D-52ED4C04FF14}.Debug|x86.ActiveCfg = Debug|Any CPU
		{524DEA78-7E7C-474D-B42D-52ED4C04FF14}.Debug|x86.Build.0 = Debug|Any CPU
		{524DEA78-7E7C-474D-B42D-52ED4C04FF14}.Release|Any CPU.ActiveCfg = Release|Any CPU
		{524DEA78-7E7C-474D-B42D-52ED4C04FF14}.Release|Any CPU.Build.0 = Release|Any CPU
		{524DEA78-7E7C-474D-B42D-52ED4C04FF14}.Release|x64.ActiveCfg = Release|Any CPU
		{524DEA78-7E7C-474D-B42D-52ED4C04FF14}.Release|x64.Build.0 = Release|Any CPU
		{524DEA78-7E7C-474D-B42D-52ED4C04FF14}.Release|x86.ActiveCfg = Release|Any CPU
		{524DEA78-7E7C-474D-B42D-52ED4C04FF14}.Release|x86.Build.0 = Release|Any CPU
		{E6D716C6-AC94-4150-B10A-44AE13F79344}.Debug|Any CPU.ActiveCfg = Debug|Any CPU
		{E6D716C6-AC94-4150-B10A-44AE13F79344}.Debug|Any CPU.Build.0 = Debug|Any CPU
		{E6D716C6-AC94-4150-B10A-44AE13F79344}.Debug|x64.ActiveCfg = Debug|Any CPU
		{E6D716C6-AC94-4150-B10A-44AE13F79344}.Debug|x64.Build.0 = Debug|Any CPU
		{E6D716C6-AC94-4150-B10A-44AE13F79344}.Debug|x86.ActiveCfg = Debug|Any CPU
		{E6D716C6-AC94-4150-B10A-44AE13F79344}.Debug|x86.Build.0 = Debug|Any CPU
		{E6D716C6-AC94-4150-B10A-44AE13F79344}.Release|Any CPU.ActiveCfg = Release|Any CPU
		{E6D716C6-AC94-4150-B10A-44AE13F79344}.Release|Any CPU.Build.0 = Release|Any CPU
		{E6D716C6-AC94-4150-B10A-44AE13F79344}.Release|x64.ActiveCfg = Release|Any CPU
		{E6D716C6-AC94-4150-B10A-44AE13F79344}.Release|x64.Build.0 = Release|Any CPU
		{E6D716C6-AC94-4150-B10A-44AE13F79344}.Release|x86.ActiveCfg = Release|Any CPU
		{E6D716C6-AC94-4150-B10A-44AE13F79344}.Release|x86.Build.0 = Release|Any CPU
		{242FBD3E-2EC6-4274-BD40-8E62AF9327B2}.Debug|Any CPU.ActiveCfg = Debug|Any CPU
		{242FBD3E-2EC6-4274-BD40-8E62AF9327B2}.Debug|Any CPU.Build.0 = Debug|Any CPU
		{242FBD3E-2EC6-4274-BD40-8E62AF9327B2}.Debug|x64.ActiveCfg = Debug|Any CPU
		{242FBD3E-2EC6-4274-BD40-8E62AF9327B2}.Debug|x64.Build.0 = Debug|Any CPU
		{242FBD3E-2EC6-4274-BD40-8E62AF9327B2}.Debug|x86.ActiveCfg = Debug|Any CPU
		{242FBD3E-2EC6-4274-BD40-8E62AF9327B2}.Debug|x86.Build.0 = Debug|Any CPU
		{242FBD3E-2EC6-4274-BD40-8E62AF9327B2}.Release|Any CPU.ActiveCfg = Release|Any CPU
		{242FBD3E-2EC6-4274-BD40-8E62AF9327B2}.Release|Any CPU.Build.0 = Release|Any CPU
		{242FBD3E-2EC6-4274-BD40-8E62AF9327B2}.Release|x64.ActiveCfg = Release|Any CPU
		{242FBD3E-2EC6-4274-BD40-8E62AF9327B2}.Release|x64.Build.0 = Release|Any CPU
		{242FBD3E-2EC6-4274-BD40-8E62AF9327B2}.Release|x86.ActiveCfg = Release|Any CPU
		{242FBD3E-2EC6-4274-BD40-8E62AF9327B2}.Release|x86.Build.0 = Release|Any CPU
		{038B09F5-EF3A-F21E-7C10-A6551866ECE2}.Debug|Any CPU.ActiveCfg = Debug|Any CPU
		{038B09F5-EF3A-F21E-7C10-A6551866ECE2}.Debug|Any CPU.Build.0 = Debug|Any CPU
		{038B09F5-EF3A-F21E-7C10-A6551866ECE2}.Debug|x64.ActiveCfg = Debug|Any CPU
		{038B09F5-EF3A-F21E-7C10-A6551866ECE2}.Debug|x64.Build.0 = Debug|Any CPU
		{038B09F5-EF3A-F21E-7C10-A6551866ECE2}.Debug|x86.ActiveCfg = Debug|Any CPU
		{038B09F5-EF3A-F21E-7C10-A6551866ECE2}.Debug|x86.Build.0 = Debug|Any CPU
		{038B09F5-EF3A-F21E-7C10-A6551866ECE2}.Release|Any CPU.ActiveCfg = Release|Any CPU
		{038B09F5-EF3A-F21E-7C10-A6551866ECE2}.Release|Any CPU.Build.0 = Release|Any CPU
		{038B09F5-EF3A-F21E-7C10-A6551866ECE2}.Release|x64.ActiveCfg = Release|Any CPU
		{038B09F5-EF3A-F21E-7C10-A6551866ECE2}.Release|x64.Build.0 = Release|Any CPU
		{038B09F5-EF3A-F21E-7C10-A6551866ECE2}.Release|x86.ActiveCfg = Release|Any CPU
		{038B09F5-EF3A-F21E-7C10-A6551866ECE2}.Release|x86.Build.0 = Release|Any CPU
		{B7C94F2A-3E8D-4A1B-9F5C-2D1E6A3B7C90}.Debug|Any CPU.ActiveCfg = Debug|Any CPU
		{B7C94F2A-3E8D-4A1B-9F5C-2D1E6A3B7C90}.Debug|Any CPU.Build.0 = Debug|Any CPU
		{B7C94F2A-3E8D-4A1B-9F5C-2D1E6A3B7C90}.Debug|x64.ActiveCfg = Debug|Any CPU
		{B7C94F2A-3E8D-4A1B-9F5C-2D1E6A3B7C90}.Debug|x64.Build.0 = Debug|Any CPU
		{B7C94F2A-3E8D-4A1B-9F5C-2D1E6A3B7C90}.Debug|x86.ActiveCfg = Debug|Any CPU
		{B7C94F2A-3E8D-4A1B-9F5C-2D1E6A3B7C90}.Debug|x86.Build.0 = Debug|Any CPU
		{B7C94F2A-3E8D-4A1B-9F5C-2D1E6A3B7C90}.Release|Any CPU.ActiveCfg = Release|Any CPU
		{B7C94F2A-3E8D-4A1B-9F5C-2D1E6A3B7C90}.Release|Any CPU.Build.0 = Release|Any CPU
		{B7C94F2A-3E8D-4A1B-9F5C-2D1E6A3B7C90}.Release|x64.ActiveCfg = Release|Any CPU
		{B7C94F2A-3E8D-4A1B-9F5C-2D1E6A3B7C90}.Release|x64.Build.0 = Release|Any CPU
		{B7C94F2A-3E8D-4A1B-9F5C-2D1E6A3B7C90}.Release|x86.ActiveCfg = Release|Any CPU
		{B7C94F2A-3E8D-4A1B-9F5C-2D1E6A3B7C90}.Release|x86.Build.0 = Release|Any CPU
		{F74EC349-B988-FCFA-A1E5-967F70FB75B5}.Debug|Any CPU.ActiveCfg = Debug|Any CPU
		{F74EC349-B988-FCFA-A1E5-967F70FB75B5}.Debug|Any CPU.Build.0 = Debug|Any CPU
		{F74EC349-B988-FCFA-A1E5-967F70FB75B5}.Debug|x64.ActiveCfg = Debug|Any CPU
		{F74EC349-B988-FCFA-A1E5-967F70FB75B5}.Debug|x64.Build.0 = Debug|Any CPU
		{F74EC349-B988-FCFA-A1E5-967F70FB75B5}.Debug|x86.ActiveCfg = Debug|Any CPU
		{F74EC349-B988-FCFA-A1E5-967F70FB75B5}.Debug|x86.Build.0 = Debug|Any CPU
		{F74EC349-B988-FCFA-A1E5-967F70FB75B5}.Release|Any CPU.ActiveCfg = Release|Any CPU
		{F74EC349-B988-FCFA-A1E5-967F70FB75B5}.Release|Any CPU.Build.0 = Release|Any CPU
		{F74EC349-B988-FCFA-A1E5-967F70FB75B5}.Release|x64.ActiveCfg = Release|Any CPU
		{F74EC349-B988-FCFA-A1E5-967F70FB75B5}.Release|x64.Build.0 = Release|Any CPU
		{F74EC349-B988-FCFA-A1E5-967F70FB75B5}.Release|x86.ActiveCfg = Release|Any CPU
		{F74EC349-B988-FCFA-A1E5-967F70FB75B5}.Release|x86.Build.0 = Release|Any CPU
		{96ACE8BA-2E07-7537-FBF2-E8176CCB8080}.Debug|Any CPU.ActiveCfg = Debug|Any CPU
		{96ACE8BA-2E07-7537-FBF2-E8176CCB8080}.Debug|Any CPU.Build.0 = Debug|Any CPU
		{96ACE8BA-2E07-7537-FBF2-E8176CCB8080}.Debug|x64.ActiveCfg = Debug|Any CPU
		{96ACE8BA-2E07-7537-FBF2-E8176CCB8080}.Debug|x64.Build.0 = Debug|Any CPU
		{96ACE8BA-2E07-7537-FBF2-E8176CCB8080}.Debug|x86.ActiveCfg = Debug|Any CPU
		{96ACE8BA-2E07-7537-FBF2-E8176CCB8080}.Debug|x86.Build.0 = Debug|Any CPU
		{96ACE8BA-2E07-7537-FBF2-E8176CCB8080}.Release|Any CPU.ActiveCfg = Release|Any CPU
		{96ACE8BA-2E07-7537-FBF2-E8176CCB8080}.Release|Any CPU.Build.0 = Release|Any CPU
		{96ACE8BA-2E07-7537-FBF2-E8176CCB8080}.Release|x64.ActiveCfg = Release|Any CPU
		{96ACE8BA-2E07-7537-FBF2-E8176CCB8080}.Release|x64.Build.0 = Release|Any CPU
		{96ACE8BA-2E07-7537-FBF2-E8176CCB8080}.Release|x86.ActiveCfg = Release|Any CPU
		{96ACE8BA-2E07-7537-FBF2-E8176CCB8080}.Release|x86.Build.0 = Release|Any CPU
		{DE780834-190A-8277-51FD-750CC666E82D}.Debug|Any CPU.ActiveCfg = Debug|Any CPU
		{DE780834-190A-8277-51FD-750CC666E82D}.Debug|Any CPU.Build.0 = Debug|Any CPU
		{DE780834-190A-8277-51FD-750CC666E82D}.Debug|x64.ActiveCfg = Debug|Any CPU
		{DE780834-190A-8277-51FD-750CC666E82D}.Debug|x64.Build.0 = Debug|Any CPU
		{DE780834-190A-8277-51FD-750CC666E82D}.Debug|x86.ActiveCfg = Debug|Any CPU
		{DE780834-190A-8277-51FD-750CC666E82D}.Debug|x86.Build.0 = Debug|Any CPU
		{DE780834-190A-8277-51FD-750CC666E82D}.Release|Any CPU.ActiveCfg = Release|Any CPU
		{DE780834-190A-8277-51FD-750CC666E82D}.Release|Any CPU.Build.0 = Release|Any CPU
		{DE780834-190A-8277-51FD-750CC666E82D}.Release|x64.ActiveCfg = Release|Any CPU
		{DE780834-190A-8277-51FD-750CC666E82D}.Release|x64.Build.0 = Release|Any CPU
		{DE780834-190A-8277-51FD-750CC666E82D}.Release|x86.ActiveCfg = Release|Any CPU
		{DE780834-190A-8277-51FD-750CC666E82D}.Release|x86.Build.0 = Release|Any CPU
		{2DBA7BDC-17AE-474B-A507-00807D087607}.Debug|Any CPU.ActiveCfg = Debug|Any CPU
		{2DBA7BDC-17AE-474B-A507-00807D087607}.Debug|Any CPU.Build.0 = Debug|Any CPU
		{2DBA7BDC-17AE-474B-A507-00807D087607}.Debug|x64.ActiveCfg = Debug|Any CPU
		{2DBA7BDC-17AE-474B-A507-00807D087607}.Debug|x64.Build.0 = Debug|Any CPU
		{2DBA7BDC-17AE-474B-A507-00807D087607}.Debug|x86.ActiveCfg = Debug|Any CPU
		{2DBA7BDC-17AE-474B-A507-00807D087607}.Debug|x86.Build.0 = Debug|Any CPU
		{2DBA7BDC-17AE-474B-A507-00807D087607}.Release|Any CPU.ActiveCfg = Release|Any CPU
		{2DBA7BDC-17AE-474B-A507-00807D087607}.Release|Any CPU.Build.0 = Release|Any CPU
		{2DBA7BDC-17AE-474B-A507-00807D087607}.Release|x64.ActiveCfg = Release|Any CPU
		{2DBA7BDC-17AE-474B-A507-00807D087607}.Release|x64.Build.0 = Release|Any CPU
		{2DBA7BDC-17AE-474B-A507-00807D087607}.Release|x86.ActiveCfg = Release|Any CPU
		{2DBA7BDC-17AE-474B-A507-00807D087607}.Release|x86.Build.0 = Release|Any CPU
		{F56BAFFD-F227-4B0A-96F0-C800FAEF2036}.Debug|Any CPU.ActiveCfg = Debug|Any CPU
		{F56BAFFD-F227-4B0A-96F0-C800FAEF2036}.Debug|Any CPU.Build.0 = Debug|Any CPU
		{F56BAFFD-F227-4B0A-96F0-C800FAEF2036}.Debug|x64.ActiveCfg = Debug|Any CPU
		{F56BAFFD-F227-4B0A-96F0-C800FAEF2036}.Debug|x64.Build.0 = Debug|Any CPU
		{F56BAFFD-F227-4B0A-96F0-C800FAEF2036}.Debug|x86.ActiveCfg = Debug|Any CPU
		{F56BAFFD-F227-4B0A-96F0-C800FAEF2036}.Debug|x86.Build.0 = Debug|Any CPU
		{F56BAFFD-F227-4B0A-96F0-C800FAEF2036}.Release|Any CPU.ActiveCfg = Release|Any CPU
		{F56BAFFD-F227-4B0A-96F0-C800FAEF2036}.Release|Any CPU.Build.0 = Release|Any CPU
		{F56BAFFD-F227-4B0A-96F0-C800FAEF2036}.Release|x64.ActiveCfg = Release|Any CPU
		{F56BAFFD-F227-4B0A-96F0-C800FAEF2036}.Release|x64.Build.0 = Release|Any CPU
		{F56BAFFD-F227-4B0A-96F0-C800FAEF2036}.Release|x86.ActiveCfg = Release|Any CPU
		{F56BAFFD-F227-4B0A-96F0-C800FAEF2036}.Release|x86.Build.0 = Release|Any CPU
		{199F27D8-A905-4DDC-82CA-1FE1A90B1788}.Debug|Any CPU.ActiveCfg = Debug|Any CPU
		{199F27D8-A905-4DDC-82CA-1FE1A90B1788}.Debug|Any CPU.Build.0 = Debug|Any CPU
		{199F27D8-A905-4DDC-82CA-1FE1A90B1788}.Debug|x64.ActiveCfg = Debug|Any CPU
		{199F27D8-A905-4DDC-82CA-1FE1A90B1788}.Debug|x64.Build.0 = Debug|Any CPU
		{199F27D8-A905-4DDC-82CA-1FE1A90B1788}.Debug|x86.ActiveCfg = Debug|Any CPU
		{199F27D8-A905-4DDC-82CA-1FE1A90B1788}.Debug|x86.Build.0 = Debug|Any CPU
		{199F27D8-A905-4DDC-82CA-1FE1A90B1788}.Release|Any CPU.ActiveCfg = Release|Any CPU
		{199F27D8-A905-4DDC-82CA-1FE1A90B1788}.Release|Any CPU.Build.0 = Release|Any CPU
		{199F27D8-A905-4DDC-82CA-1FE1A90B1788}.Release|x64.ActiveCfg = Release|Any CPU
		{199F27D8-A905-4DDC-82CA-1FE1A90B1788}.Release|x64.Build.0 = Release|Any CPU
		{199F27D8-A905-4DDC-82CA-1FE1A90B1788}.Release|x86.ActiveCfg = Release|Any CPU
		{199F27D8-A905-4DDC-82CA-1FE1A90B1788}.Release|x86.Build.0 = Release|Any CPU
		{8C05292F-86C9-C29A-635B-A4DFC5955D1C}.Debug|Any CPU.ActiveCfg = Debug|Any CPU
		{8C05292F-86C9-C29A-635B-A4DFC5955D1C}.Debug|Any CPU.Build.0 = Debug|Any CPU
		{8C05292F-86C9-C29A-635B-A4DFC5955D1C}.Debug|x64.ActiveCfg = Debug|Any CPU
		{8C05292F-86C9-C29A-635B-A4DFC5955D1C}.Debug|x64.Build.0 = Debug|Any CPU
		{8C05292F-86C9-C29A-635B-A4DFC5955D1C}.Debug|x86.ActiveCfg = Debug|Any CPU
		{8C05292F-86C9-C29A-635B-A4DFC5955D1C}.Debug|x86.Build.0 = Debug|Any CPU
		{8C05292F-86C9-C29A-635B-A4DFC5955D1C}.Release|Any CPU.ActiveCfg = Release|Any CPU
		{8C05292F-86C9-C29A-635B-A4DFC5955D1C}.Release|Any CPU.Build.0 = Release|Any CPU
		{8C05292F-86C9-C29A-635B-A4DFC5955D1C}.Release|x64.ActiveCfg = Release|Any CPU
		{8C05292F-86C9-C29A-635B-A4DFC5955D1C}.Release|x64.Build.0 = Release|Any CPU
		{8C05292F-86C9-C29A-635B-A4DFC5955D1C}.Release|x86.ActiveCfg = Release|Any CPU
		{8C05292F-86C9-C29A-635B-A4DFC5955D1C}.Release|x86.Build.0 = Release|Any CPU
		{26FDEE3C-9D1F-79A6-F48F-D0944C7F09F8}.Debug|Any CPU.ActiveCfg = Debug|Any CPU
		{26FDEE3C-9D1F-79A6-F48F-D0944C7F09F8}.Debug|Any CPU.Build.0 = Debug|Any CPU
		{26FDEE3C-9D1F-79A6-F48F-D0944C7F09F8}.Debug|x64.ActiveCfg = Debug|Any CPU
		{26FDEE3C-9D1F-79A6-F48F-D0944C7F09F8}.Debug|x64.Build.0 = Debug|Any CPU
		{26FDEE3C-9D1F-79A6-F48F-D0944C7F09F8}.Debug|x86.ActiveCfg = Debug|Any CPU
		{26FDEE3C-9D1F-79A6-F48F-D0944C7F09F8}.Debug|x86.Build.0 = Debug|Any CPU
		{26FDEE3C-9D1F-79A6-F48F-D0944C7F09F8}.Release|Any CPU.ActiveCfg = Release|Any CPU
		{26FDEE3C-9D1F-79A6-F48F-D0944C7F09F8}.Release|Any CPU.Build.0 = Release|Any CPU
		{26FDEE3C-9D1F-79A6-F48F-D0944C7F09F8}.Release|x64.ActiveCfg = Release|Any CPU
		{26FDEE3C-9D1F-79A6-F48F-D0944C7F09F8}.Release|x64.Build.0 = Release|Any CPU
		{26FDEE3C-9D1F-79A6-F48F-D0944C7F09F8}.Release|x86.ActiveCfg = Release|Any CPU
		{26FDEE3C-9D1F-79A6-F48F-D0944C7F09F8}.Release|x86.Build.0 = Release|Any CPU
		{566AFB59-FF8C-FFF4-C1F4-049B6246E4A7}.Debug|Any CPU.ActiveCfg = Debug|Any CPU
		{566AFB59-FF8C-FFF4-C1F4-049B6246E4A7}.Debug|Any CPU.Build.0 = Debug|Any CPU
		{566AFB59-FF8C-FFF4-C1F4-049B6246E4A7}.Debug|x64.ActiveCfg = Debug|Any CPU
		{566AFB59-FF8C-FFF4-C1F4-049B6246E4A7}.Debug|x64.Build.0 = Debug|Any CPU
		{566AFB59-FF8C-FFF4-C1F4-049B6246E4A7}.Debug|x86.ActiveCfg = Debug|Any CPU
		{566AFB59-FF8C-FFF4-C1F4-049B6246E4A7}.Debug|x86.Build.0 = Debug|Any CPU
		{566AFB59-FF8C-FFF4-C1F4-049B6246E4A7}.Release|Any CPU.ActiveCfg = Release|Any CPU
		{566AFB59-FF8C-FFF4-C1F4-049B6246E4A7}.Release|Any CPU.Build.0 = Release|Any CPU
		{566AFB59-FF8C-FFF4-C1F4-049B6246E4A7}.Release|x64.ActiveCfg = Release|Any CPU
		{566AFB59-FF8C-FFF4-C1F4-049B6246E4A7}.Release|x64.Build.0 = Release|Any CPU
		{566AFB59-FF8C-FFF4-C1F4-049B6246E4A7}.Release|x86.ActiveCfg = Release|Any CPU
		{566AFB59-FF8C-FFF4-C1F4-049B6246E4A7}.Release|x86.Build.0 = Release|Any CPU
		{DB0337E6-BBC0-4ECB-9F18-F7310705BDAF}.Debug|Any CPU.ActiveCfg = Debug|Any CPU
		{DB0337E6-BBC0-4ECB-9F18-F7310705BDAF}.Debug|Any CPU.Build.0 = Debug|Any CPU
		{DB0337E6-BBC0-4ECB-9F18-F7310705BDAF}.Debug|x64.ActiveCfg = Debug|Any CPU
		{DB0337E6-BBC0-4ECB-9F18-F7310705BDAF}.Debug|x64.Build.0 = Debug|Any CPU
		{DB0337E6-BBC0-4ECB-9F18-F7310705BDAF}.Debug|x86.ActiveCfg = Debug|Any CPU
		{DB0337E6-BBC0-4ECB-9F18-F7310705BDAF}.Debug|x86.Build.0 = Debug|Any CPU
		{DB0337E6-BBC0-4ECB-9F18-F7310705BDAF}.Release|Any CPU.ActiveCfg = Release|Any CPU
		{DB0337E6-BBC0-4ECB-9F18-F7310705BDAF}.Release|Any CPU.Build.0 = Release|Any CPU
		{DB0337E6-BBC0-4ECB-9F18-F7310705BDAF}.Release|x64.ActiveCfg = Release|Any CPU
		{DB0337E6-BBC0-4ECB-9F18-F7310705BDAF}.Release|x64.Build.0 = Release|Any CPU
		{DB0337E6-BBC0-4ECB-9F18-F7310705BDAF}.Release|x86.ActiveCfg = Release|Any CPU
		{DB0337E6-BBC0-4ECB-9F18-F7310705BDAF}.Release|x86.Build.0 = Release|Any CPU
		{90A42AE4-301D-4B05-8892-60BE5209C1B5}.Debug|Any CPU.ActiveCfg = Debug|Any CPU
		{90A42AE4-301D-4B05-8892-60BE5209C1B5}.Debug|Any CPU.Build.0 = Debug|Any CPU
		{90A42AE4-301D-4B05-8892-60BE5209C1B5}.Debug|x64.ActiveCfg = Debug|Any CPU
		{90A42AE4-301D-4B05-8892-60BE5209C1B5}.Debug|x64.Build.0 = Debug|Any CPU
		{90A42AE4-301D-4B05-8892-60BE5209C1B5}.Debug|x86.ActiveCfg = Debug|Any CPU
		{90A42AE4-301D-4B05-8892-60BE5209C1B5}.Debug|x86.Build.0 = Debug|Any CPU
		{90A42AE4-301D-4B05-8892-60BE5209C1B5}.Release|Any CPU.ActiveCfg = Release|Any CPU
		{90A42AE4-301D-4B05-8892-60BE5209C1B5}.Release|Any CPU.Build.0 = Release|Any CPU
		{90A42AE4-301D-4B05-8892-60BE5209C1B5}.Release|x64.ActiveCfg = Release|Any CPU
		{90A42AE4-301D-4B05-8892-60BE5209C1B5}.Release|x64.Build.0 = Release|Any CPU
		{90A42AE4-301D-4B05-8892-60BE5209C1B5}.Release|x86.ActiveCfg = Release|Any CPU
		{90A42AE4-301D-4B05-8892-60BE5209C1B5}.Release|x86.Build.0 = Release|Any CPU
		{70802F77-F259-44C6-9522-46FCE2FD754E}.Debug|Any CPU.ActiveCfg = Debug|Any CPU
		{70802F77-F259-44C6-9522-46FCE2FD754E}.Debug|Any CPU.Build.0 = Debug|Any CPU
		{70802F77-F259-44C6-9522-46FCE2FD754E}.Debug|x64.ActiveCfg = Debug|Any CPU
		{70802F77-F259-44C6-9522-46FCE2FD754E}.Debug|x64.Build.0 = Debug|Any CPU
		{70802F77-F259-44C6-9522-46FCE2FD754E}.Debug|x86.ActiveCfg = Debug|Any CPU
		{70802F77-F259-44C6-9522-46FCE2FD754E}.Debug|x86.Build.0 = Debug|Any CPU
		{70802F77-F259-44C6-9522-46FCE2FD754E}.Release|Any CPU.ActiveCfg = Release|Any CPU
		{70802F77-F259-44C6-9522-46FCE2FD754E}.Release|Any CPU.Build.0 = Release|Any CPU
		{70802F77-F259-44C6-9522-46FCE2FD754E}.Release|x64.ActiveCfg = Release|Any CPU
		{70802F77-F259-44C6-9522-46FCE2FD754E}.Release|x64.Build.0 = Release|Any CPU
		{70802F77-F259-44C6-9522-46FCE2FD754E}.Release|x86.ActiveCfg = Release|Any CPU
		{70802F77-F259-44C6-9522-46FCE2FD754E}.Release|x86.Build.0 = Release|Any CPU
		{3116547F-A8F2-4189-BC22-0B47C757164C}.Debug|Any CPU.ActiveCfg = Debug|Any CPU
		{3116547F-A8F2-4189-BC22-0B47C757164C}.Debug|Any CPU.Build.0 = Debug|Any CPU
		{3116547F-A8F2-4189-BC22-0B47C757164C}.Debug|x64.ActiveCfg = Debug|Any CPU
		{3116547F-A8F2-4189-BC22-0B47C757164C}.Debug|x64.Build.0 = Debug|Any CPU
		{3116547F-A8F2-4189-BC22-0B47C757164C}.Debug|x86.ActiveCfg = Debug|Any CPU
		{3116547F-A8F2-4189-BC22-0B47C757164C}.Debug|x86.Build.0 = Debug|Any CPU
		{3116547F-A8F2-4189-BC22-0B47C757164C}.Release|Any CPU.ActiveCfg = Release|Any CPU
		{3116547F-A8F2-4189-BC22-0B47C757164C}.Release|Any CPU.Build.0 = Release|Any CPU
		{3116547F-A8F2-4189-BC22-0B47C757164C}.Release|x64.ActiveCfg = Release|Any CPU
		{3116547F-A8F2-4189-BC22-0B47C757164C}.Release|x64.Build.0 = Release|Any CPU
		{3116547F-A8F2-4189-BC22-0B47C757164C}.Release|x86.ActiveCfg = Release|Any CPU
		{3116547F-A8F2-4189-BC22-0B47C757164C}.Release|x86.Build.0 = Release|Any CPU
		{927CCC07-F00C-409C-BE42-458EB03DD4E8}.Debug|Any CPU.ActiveCfg = Debug|Any CPU
		{927CCC07-F00C-409C-BE42-458EB03DD4E8}.Debug|Any CPU.Build.0 = Debug|Any CPU
		{927CCC07-F00C-409C-BE42-458EB03DD4E8}.Debug|x64.ActiveCfg = Debug|Any CPU
		{927CCC07-F00C-409C-BE42-458EB03DD4E8}.Debug|x64.Build.0 = Debug|Any CPU
		{927CCC07-F00C-409C-BE42-458EB03DD4E8}.Debug|x86.ActiveCfg = Debug|Any CPU
		{927CCC07-F00C-409C-BE42-458EB03DD4E8}.Debug|x86.Build.0 = Debug|Any CPU
		{927CCC07-F00C-409C-BE42-458EB03DD4E8}.Release|Any CPU.ActiveCfg = Release|Any CPU
		{927CCC07-F00C-409C-BE42-458EB03DD4E8}.Release|Any CPU.Build.0 = Release|Any CPU
		{927CCC07-F00C-409C-BE42-458EB03DD4E8}.Release|x64.ActiveCfg = Release|Any CPU
		{927CCC07-F00C-409C-BE42-458EB03DD4E8}.Release|x64.Build.0 = Release|Any CPU
		{927CCC07-F00C-409C-BE42-458EB03DD4E8}.Release|x86.ActiveCfg = Release|Any CPU
		{927CCC07-F00C-409C-BE42-458EB03DD4E8}.Release|x86.Build.0 = Release|Any CPU
		{1737CFE6-456F-B41B-70D0-2F9EC6BE554F}.Debug|Any CPU.ActiveCfg = Debug|Any CPU
		{1737CFE6-456F-B41B-70D0-2F9EC6BE554F}.Debug|Any CPU.Build.0 = Debug|Any CPU
		{1737CFE6-456F-B41B-70D0-2F9EC6BE554F}.Debug|x64.ActiveCfg = Debug|Any CPU
		{1737CFE6-456F-B41B-70D0-2F9EC6BE554F}.Debug|x64.Build.0 = Debug|Any CPU
		{1737CFE6-456F-B41B-70D0-2F9EC6BE554F}.Debug|x86.ActiveCfg = Debug|Any CPU
		{1737CFE6-456F-B41B-70D0-2F9EC6BE554F}.Debug|x86.Build.0 = Debug|Any CPU
		{1737CFE6-456F-B41B-70D0-2F9EC6BE554F}.Release|Any CPU.ActiveCfg = Release|Any CPU
		{1737CFE6-456F-B41B-70D0-2F9EC6BE554F}.Release|Any CPU.Build.0 = Release|Any CPU
		{1737CFE6-456F-B41B-70D0-2F9EC6BE554F}.Release|x64.ActiveCfg = Release|Any CPU
		{1737CFE6-456F-B41B-70D0-2F9EC6BE554F}.Release|x64.Build.0 = Release|Any CPU
		{1737CFE6-456F-B41B-70D0-2F9EC6BE554F}.Release|x86.ActiveCfg = Release|Any CPU
		{1737CFE6-456F-B41B-70D0-2F9EC6BE554F}.Release|x86.Build.0 = Release|Any CPU

	EndGlobalSection
	GlobalSection(SolutionProperties) = preSolution
		HideSolutionNode = FALSE
	EndGlobalSection
	GlobalSection(NestedProjects) = preSolution
		{88979F89-9A42-448F-AE3E-3060145F6375} = {3DD033C0-E023-47BF-A808-9CCE30873C3E}
		{44E15B48-0DB2-4560-82BD-D3B7989811C3} = {3DD033C0-E023-47BF-A808-9CCE30873C3E}
		{B0A602CD-E176-449D-8663-64238D54F857} = {3DD033C0-E023-47BF-A808-9CCE30873C3E}
		{58FDCA8F-08F7-4D80-9DA3-6A9AED01E163} = {3DD033C0-E023-47BF-A808-9CCE30873C3E}
		{B8F48EE8-34A6-43B7-B00E-CD91CDD93962} = {E143FB1F-0B88-48CB-9086-72CDCECFCD22}
		{13BB2C46-B324-4B9C-92EB-CE6184D4736E} = {E143FB1F-0B88-48CB-9086-72CDCECFCD22}
		{524DEA78-7E7C-474D-B42D-52ED4C04FF14} = {3DD033C0-E023-47BF-A808-9CCE30873C3E}
		{E6D716C6-AC94-4150-B10A-44AE13F79344} = {3DD033C0-E023-47BF-A808-9CCE30873C3E}
		{242FBD3E-2EC6-4274-BD40-8E62AF9327B2} = {A589126F-C71A-4FEE-B7EA-2DCA1ADF6A46}
		{038B09F5-EF3A-F21E-7C10-A6551866ECE2} = {A589126F-C71A-4FEE-B7EA-2DCA1ADF6A46}
		{B7C94F2A-3E8D-4A1B-9F5C-2D1E6A3B7C90} = {A589126F-C71A-4FEE-B7EA-2DCA1ADF6A46}
		{F74EC349-B988-FCFA-A1E5-967F70FB75B5} = {A589126F-C71A-4FEE-B7EA-2DCA1ADF6A46}
		{96ACE8BA-2E07-7537-FBF2-E8176CCB8080} = {A589126F-C71A-4FEE-B7EA-2DCA1ADF6A46}
		{DE780834-190A-8277-51FD-750CC666E82D} = {A589126F-C71A-4FEE-B7EA-2DCA1ADF6A46}
		{2DBA7BDC-17AE-474B-A507-00807D087607} = {A589126F-C71A-4FEE-B7EA-2DCA1ADF6A46}
		{F56BAFFD-F227-4B0A-96F0-C800FAEF2036} = {A589126F-C71A-4FEE-B7EA-2DCA1ADF6A46}
		{199F27D8-A905-4DDC-82CA-1FE1A90B1788} = {A589126F-C71A-4FEE-B7EA-2DCA1ADF6A46}
		{1A3CBA89-EDAB-4F75-811E-FE81B13A4836} = {E143FB1F-0B88-48CB-9086-72CDCECFCD22}
		{8C05292F-86C9-C29A-635B-A4DFC5955D1C} = {3DD033C0-E023-47BF-A808-9CCE30873C3E}
		{26FDEE3C-9D1F-79A6-F48F-D0944C7F09F8} = {3DD033C0-E023-47BF-A808-9CCE30873C3E}
		{566AFB59-FF8C-FFF4-C1F4-049B6246E4A7} = {3DD033C0-E023-47BF-A808-9CCE30873C3E}
		{DB0337E6-BBC0-4ECB-9F18-F7310705BDAF} = {3DD033C0-E023-47BF-A808-9CCE30873C3E}
		{90A42AE4-301D-4B05-8892-60BE5209C1B5} = {3DD033C0-E023-47BF-A808-9CCE30873C3E}
		{70802F77-F259-44C6-9522-46FCE2FD754E} = {3DD033C0-E023-47BF-A808-9CCE30873C3E}
		{3116547F-A8F2-4189-BC22-0B47C757164C} = {3DD033C0-E023-47BF-A808-9CCE30873C3E}
		{1737CFE6-456F-B41B-70D0-2F9EC6BE554F} = {3DD033C0-E023-47BF-A808-9CCE30873C3E}
	EndGlobalSection
	GlobalSection(ExtensibilityGlobals) = postSolution
		SolutionGuid = {9F8F8A4D-7B8D-4C2A-AC5E-CD7117F74C03}
	EndGlobalSection
EndGlobal
