
Microsoft Visual Studio Solution File, Format Version 12.00
# Visual Studio Version 17
VisualStudioVersion = 17.2.32427.441
MinimumVisualStudioVersion = 10.0.40219.1
Project("{9A19103F-16F7-4668-BE54-9A1E7A4F7556}") = "Terminal.Gui", "Terminal.Gui\Terminal.Gui.csproj", "{00F366F8-DEE4-482C-B9FD-6DB0200B79E5}"
EndProject
Project("{9A19103F-16F7-4668-BE54-9A1E7A4F7556}") = "UICatalog", "Examples\UICatalog\UICatalog.csproj", "{88979F89-9A42-448F-AE3E-3060145F6375}"
EndProject
Project("{9A19103F-16F7-4668-BE54-9A1E7A4F7556}") = "ReactiveExample", "Examples\ReactiveExample\ReactiveExample.csproj", "{44E15B48-0DB2-4560-82BD-D3B7989811C3}"
EndProject
Project("{9A19103F-16F7-4668-BE54-9A1E7A4F7556}") = "Example", "Examples\Example\Example.csproj", "{B0A602CD-E176-449D-8663-64238D54F857}"
EndProject
Project("{2150E333-8FDC-42A3-9474-1A3956D46DE8}") = "Solution Items", "Solution Items", "{E143FB1F-0B88-48CB-9086-72CDCECFCD22}"
EndProject
Project("{9A19103F-16F7-4668-BE54-9A1E7A4F7556}") = "CommunityToolkitExample", "Examples\CommunityToolkitExample\CommunityToolkitExample.csproj", "{58FDCA8F-08F7-4D80-9DA3-6A9AED01E163}"
EndProject
Project("{2150E333-8FDC-42A3-9474-1A3956D46DE8}") = "Settings", "Settings", "{B8F48EE8-34A6-43B7-B00E-CD91CDD93962}"
	ProjectSection(SolutionItems) = preProject
		.editorconfig = .editorconfig
		.filenesting.json = .filenesting.json
		.gitignore = .gitignore
		Directory.Build.props = Directory.Build.props
		Directory.Packages.props = Directory.Packages.props
		GitVersion.yml = GitVersion.yml
		global.json = global.json
		nuget.config = nuget.config
		Terminal.sln.DotSettings = Terminal.sln.DotSettings
		testenvironments.json = testenvironments.json
	EndProjectSection
EndProject
Project("{2150E333-8FDC-42A3-9474-1A3956D46DE8}") = "GitHub", "GitHub", "{13BB2C46-B324-4B9C-92EB-CE6184D4736E}"
	ProjectSection(SolutionItems) = preProject
		.github\workflows\api-docs.yml = .github\workflows\api-docs.yml
		.github\workflows\build-release.yml = .github\workflows\build-release.yml
		.github\workflows\check-duplicates.yml = .github\workflows\check-duplicates.yml
		GitVersion.yml = GitVersion.yml
		.github\workflows\integration-tests.yml = .github\workflows\integration-tests.yml
		.github\workflows\publish.yml = .github\workflows\publish.yml
		.github\workflows\stress-tests.yml = .github\workflows\stress-tests.yml
		.github\workflows\unit-tests.yml = .github\workflows\unit-tests.yml
	EndProjectSection
EndProject
Project("{2150E333-8FDC-42A3-9474-1A3956D46DE8}") = "Docs", "Docs", "{C7A51224-5E0F-4986-AB37-A6BF89966C12}"
	ProjectSection(SolutionItems) = preProject
		.github\CODEOWNERS = .github\CODEOWNERS
		CODE_OF_CONDUCT.md = CODE_OF_CONDUCT.md
		CONTRIBUTING.md = CONTRIBUTING.md
		README.md = README.md
	EndProjectSection
EndProject
Project("{9A19103F-16F7-4668-BE54-9A1E7A4F7556}") = "SelfContained", "Examples\SelfContained\SelfContained.csproj", "{524DEA78-7E7C-474D-B42D-52ED4C04FF14}"
	ProjectSection(ProjectDependencies) = postProject
		{00F366F8-DEE4-482C-B9FD-6DB0200B79E5} = {00F366F8-DEE4-482C-B9FD-6DB0200B79E5}
	EndProjectSection
EndProject
Project("{FAE04EC0-301F-11D3-BF4B-00C04F79EFBC}") = "NativeAot", "Examples\NativeAot\NativeAot.csproj", "{E6D716C6-AC94-4150-B10A-44AE13F79344}"
	ProjectSection(ProjectDependencies) = postProject
		{00F366F8-DEE4-482C-B9FD-6DB0200B79E5} = {00F366F8-DEE4-482C-B9FD-6DB0200B79E5}
	EndProjectSection
EndProject
Project("{FAE04EC0-301F-11D3-BF4B-00C04F79EFBC}") = "Benchmarks", "Tests\Benchmarks\Benchmarks.csproj", "{242FBD3E-2EC6-4274-BD40-8E62AF9327B2}"
EndProject
Project("{FAE04EC0-301F-11D3-BF4B-00C04F79EFBC}") = "UnitTests", "Tests\UnitTests\UnitTests.csproj", "{038B09F5-EF3A-F21E-7C10-A6551866ECE2}"
EndProject
Project("{FAE04EC0-301F-11D3-BF4B-00C04F79EFBC}") = "IntegrationTests", "Tests\IntegrationTests\IntegrationTests.csproj", "{F74EC349-B988-FCFA-A1E5-967F70FB75B5}"
EndProject
Project("{FAE04EC0-301F-11D3-BF4B-00C04F79EFBC}") = "StressTests", "Tests\StressTests\StressTests.csproj", "{96ACE8BA-2E07-7537-FBF2-E8176CCB8080}"
EndProject
Project("{FAE04EC0-301F-11D3-BF4B-00C04F79EFBC}") = "UnitTests.Parallelizable", "Tests\UnitTestsParallelizable\UnitTests.Parallelizable.csproj", "{DE780834-190A-8277-51FD-750CC666E82D}"
EndProject
Project("{FAE04EC0-301F-11D3-BF4B-00C04F79EFBC}") = "TerminalGuiFluentTesting", "Tests\TerminalGuiFluentTesting\TerminalGuiFluentTesting.csproj", "{2DBA7BDC-17AE-474B-A507-00807D087607}"
EndProject
Project("{FAE04EC0-301F-11D3-BF4B-00C04F79EFBC}") = "TerminalGuiFluentTestingXunit", "Tests\TerminalGuiFluentTestingXunit\TerminalGuiFluentTestingXunit.csproj", "{F56BAFFD-F227-4B0A-96F0-C800FAEF2036}"
EndProject
Project("{FAE04EC0-301F-11D3-BF4B-00C04F79EFBC}") = "TerminalGuiFluentTestingXunit.Generator", "Tests\TerminalGuiFluentTestingXunit.Generator\TerminalGuiFluentTestingXunit.Generator.csproj", "{199F27D8-A905-4DDC-82CA-1FE1A90B1788}"
EndProject
Project("{FAE04EC0-301F-11D3-BF4B-00C04F79EFBC}") = "Terminal.Gui.Analyzers", "Terminal.Gui.Analyzers\Terminal.Gui.Analyzers.csproj", "{D1D68BA7-8476-448E-8BA3-927C15933119}"
EndProject
Project("{FAE04EC0-301F-11D3-BF4B-00C04F79EFBC}") = "Terminal.Gui.Analyzers.Tests", "Terminal.Gui.Analyzers.Tests\Terminal.Gui.Analyzers.Tests.csproj", "{8C643A64-2A77-4432-987A-2E72BD9708E3}"
EndProject
Global
	GlobalSection(SolutionConfigurationPlatforms) = preSolution
		Debug|Any CPU = Debug|Any CPU
		Release|Any CPU = Release|Any CPU
	EndGlobalSection
	GlobalSection(ProjectConfigurationPlatforms) = postSolution
		{00F366F8-DEE4-482C-B9FD-6DB0200B79E5}.Debug|Any CPU.ActiveCfg = Debug|Any CPU
		{00F366F8-DEE4-482C-B9FD-6DB0200B79E5}.Debug|Any CPU.Build.0 = Debug|Any CPU
		{00F366F8-DEE4-482C-B9FD-6DB0200B79E5}.Release|Any CPU.ActiveCfg = Release|Any CPU
		{00F366F8-DEE4-482C-B9FD-6DB0200B79E5}.Release|Any CPU.Build.0 = Release|Any CPU
		{88979F89-9A42-448F-AE3E-3060145F6375}.Debug|Any CPU.ActiveCfg = Debug|Any CPU
		{88979F89-9A42-448F-AE3E-3060145F6375}.Debug|Any CPU.Build.0 = Debug|Any CPU
		{88979F89-9A42-448F-AE3E-3060145F6375}.Release|Any CPU.ActiveCfg = Release|Any CPU
		{88979F89-9A42-448F-AE3E-3060145F6375}.Release|Any CPU.Build.0 = Release|Any CPU
		{44E15B48-0DB2-4560-82BD-D3B7989811C3}.Debug|Any CPU.ActiveCfg = Debug|Any CPU
		{44E15B48-0DB2-4560-82BD-D3B7989811C3}.Debug|Any CPU.Build.0 = Debug|Any CPU
		{44E15B48-0DB2-4560-82BD-D3B7989811C3}.Release|Any CPU.ActiveCfg = Release|Any CPU
		{44E15B48-0DB2-4560-82BD-D3B7989811C3}.Release|Any CPU.Build.0 = Release|Any CPU
		{B0A602CD-E176-449D-8663-64238D54F857}.Debug|Any CPU.ActiveCfg = Debug|Any CPU
		{B0A602CD-E176-449D-8663-64238D54F857}.Debug|Any CPU.Build.0 = Debug|Any CPU
		{B0A602CD-E176-449D-8663-64238D54F857}.Release|Any CPU.ActiveCfg = Release|Any CPU
		{B0A602CD-E176-449D-8663-64238D54F857}.Release|Any CPU.Build.0 = Release|Any CPU
		{58FDCA8F-08F7-4D80-9DA3-6A9AED01E163}.Debug|Any CPU.ActiveCfg = Debug|Any CPU
		{58FDCA8F-08F7-4D80-9DA3-6A9AED01E163}.Debug|Any CPU.Build.0 = Debug|Any CPU
		{58FDCA8F-08F7-4D80-9DA3-6A9AED01E163}.Release|Any CPU.ActiveCfg = Release|Any CPU
		{58FDCA8F-08F7-4D80-9DA3-6A9AED01E163}.Release|Any CPU.Build.0 = Release|Any CPU
		{524DEA78-7E7C-474D-B42D-52ED4C04FF14}.Debug|Any CPU.ActiveCfg = Debug|Any CPU
		{524DEA78-7E7C-474D-B42D-52ED4C04FF14}.Debug|Any CPU.Build.0 = Debug|Any CPU
		{524DEA78-7E7C-474D-B42D-52ED4C04FF14}.Release|Any CPU.ActiveCfg = Release|Any CPU
		{524DEA78-7E7C-474D-B42D-52ED4C04FF14}.Release|Any CPU.Build.0 = Release|Any CPU
		{E6D716C6-AC94-4150-B10A-44AE13F79344}.Debug|Any CPU.ActiveCfg = Debug|Any CPU
		{E6D716C6-AC94-4150-B10A-44AE13F79344}.Debug|Any CPU.Build.0 = Debug|Any CPU
		{E6D716C6-AC94-4150-B10A-44AE13F79344}.Release|Any CPU.ActiveCfg = Release|Any CPU
		{E6D716C6-AC94-4150-B10A-44AE13F79344}.Release|Any CPU.Build.0 = Release|Any CPU
		{242FBD3E-2EC6-4274-BD40-8E62AF9327B2}.Debug|Any CPU.ActiveCfg = Debug|Any CPU
		{242FBD3E-2EC6-4274-BD40-8E62AF9327B2}.Debug|Any CPU.Build.0 = Debug|Any CPU
		{242FBD3E-2EC6-4274-BD40-8E62AF9327B2}.Release|Any CPU.ActiveCfg = Release|Any CPU
		{242FBD3E-2EC6-4274-BD40-8E62AF9327B2}.Release|Any CPU.Build.0 = Release|Any CPU
		{038B09F5-EF3A-F21E-7C10-A6551866ECE2}.Debug|Any CPU.ActiveCfg = Debug|Any CPU
		{038B09F5-EF3A-F21E-7C10-A6551866ECE2}.Debug|Any CPU.Build.0 = Debug|Any CPU
		{038B09F5-EF3A-F21E-7C10-A6551866ECE2}.Release|Any CPU.ActiveCfg = Release|Any CPU
		{038B09F5-EF3A-F21E-7C10-A6551866ECE2}.Release|Any CPU.Build.0 = Release|Any CPU
		{F74EC349-B988-FCFA-A1E5-967F70FB75B5}.Debug|Any CPU.ActiveCfg = Debug|Any CPU
		{F74EC349-B988-FCFA-A1E5-967F70FB75B5}.Debug|Any CPU.Build.0 = Debug|Any CPU
		{F74EC349-B988-FCFA-A1E5-967F70FB75B5}.Release|Any CPU.ActiveCfg = Release|Any CPU
		{F74EC349-B988-FCFA-A1E5-967F70FB75B5}.Release|Any CPU.Build.0 = Release|Any CPU
		{96ACE8BA-2E07-7537-FBF2-E8176CCB8080}.Debug|Any CPU.ActiveCfg = Debug|Any CPU
		{96ACE8BA-2E07-7537-FBF2-E8176CCB8080}.Debug|Any CPU.Build.0 = Debug|Any CPU
		{96ACE8BA-2E07-7537-FBF2-E8176CCB8080}.Release|Any CPU.ActiveCfg = Release|Any CPU
		{96ACE8BA-2E07-7537-FBF2-E8176CCB8080}.Release|Any CPU.Build.0 = Release|Any CPU
		{DE780834-190A-8277-51FD-750CC666E82D}.Debug|Any CPU.ActiveCfg = Debug|Any CPU
		{DE780834-190A-8277-51FD-750CC666E82D}.Debug|Any CPU.Build.0 = Debug|Any CPU
		{DE780834-190A-8277-51FD-750CC666E82D}.Release|Any CPU.ActiveCfg = Release|Any CPU
		{DE780834-190A-8277-51FD-750CC666E82D}.Release|Any CPU.Build.0 = Release|Any CPU
		{2DBA7BDC-17AE-474B-A507-00807D087607}.Debug|Any CPU.ActiveCfg = Debug|Any CPU
		{2DBA7BDC-17AE-474B-A507-00807D087607}.Debug|Any CPU.Build.0 = Debug|Any CPU
		{2DBA7BDC-17AE-474B-A507-00807D087607}.Release|Any CPU.ActiveCfg = Release|Any CPU
		{2DBA7BDC-17AE-474B-A507-00807D087607}.Release|Any CPU.Build.0 = Release|Any CPU
		{F56BAFFD-F227-4B0A-96F0-C800FAEF2036}.Debug|Any CPU.ActiveCfg = Debug|Any CPU
		{F56BAFFD-F227-4B0A-96F0-C800FAEF2036}.Debug|Any CPU.Build.0 = Debug|Any CPU
		{F56BAFFD-F227-4B0A-96F0-C800FAEF2036}.Release|Any CPU.ActiveCfg = Release|Any CPU
		{F56BAFFD-F227-4B0A-96F0-C800FAEF2036}.Release|Any CPU.Build.0 = Release|Any CPU
		{199F27D8-A905-4DDC-82CA-1FE1A90B1788}.Debug|Any CPU.ActiveCfg = Debug|Any CPU
		{199F27D8-A905-4DDC-82CA-1FE1A90B1788}.Debug|Any CPU.Build.0 = Debug|Any CPU
		{199F27D8-A905-4DDC-82CA-1FE1A90B1788}.Release|Any CPU.ActiveCfg = Release|Any CPU
		{199F27D8-A905-4DDC-82CA-1FE1A90B1788}.Release|Any CPU.Build.0 = Release|Any CPU
		{D1D68BA7-8476-448E-8BA3-927C15933119}.Debug|Any CPU.ActiveCfg = Debug|Any CPU
		{D1D68BA7-8476-448E-8BA3-927C15933119}.Debug|Any CPU.Build.0 = Debug|Any CPU
		{D1D68BA7-8476-448E-8BA3-927C15933119}.Release|Any CPU.ActiveCfg = Release|Any CPU
		{D1D68BA7-8476-448E-8BA3-927C15933119}.Release|Any CPU.Build.0 = Release|Any CPU
		{8C643A64-2A77-4432-987A-2E72BD9708E3}.Debug|Any CPU.ActiveCfg = Debug|Any CPU
		{8C643A64-2A77-4432-987A-2E72BD9708E3}.Debug|Any CPU.Build.0 = Debug|Any CPU
		{8C643A64-2A77-4432-987A-2E72BD9708E3}.Release|Any CPU.ActiveCfg = Release|Any CPU
		{8C643A64-2A77-4432-987A-2E72BD9708E3}.Release|Any CPU.Build.0 = Release|Any CPU
	EndGlobalSection
	GlobalSection(SolutionProperties) = preSolution
		HideSolutionNode = FALSE
	EndGlobalSection
	GlobalSection(NestedProjects) = preSolution
		{B8F48EE8-34A6-43B7-B00E-CD91CDD93962} = {E143FB1F-0B88-48CB-9086-72CDCECFCD22}
		{13BB2C46-B324-4B9C-92EB-CE6184D4736E} = {E143FB1F-0B88-48CB-9086-72CDCECFCD22}
		{C7A51224-5E0F-4986-AB37-A6BF89966C12} = {E143FB1F-0B88-48CB-9086-72CDCECFCD22}
	EndGlobalSection
	GlobalSection(ExtensibilityGlobals) = postSolution
		SolutionGuid = {9F8F8A4D-7B8D-4C2A-AC5E-CD7117F74C03}
	EndGlobalSection
EndGlobal
