
Microsoft Visual Studio Solution File, Format Version 12.00
# Visual Studio Version 16
VisualStudioVersion = 16.0.30011.22
MinimumVisualStudioVersion = 10.0.40219.1
Project("{9A19103F-16F7-4668-BE54-9A1E7A4F7556}") = "StandaloneExample", "StandaloneExample.csproj", "{8DC768EF-530D-4261-BD35-FC41E13B041E}"
EndProject
Global
	GlobalSection(SolutionConfigurationPlatforms) = preSolution
		Debug|Any CPU = Debug|Any CPU
		Release|Any CPU = Release|Any CPU
	EndGlobalSection
	GlobalSection(ProjectConfigurationPlatforms) = postSolution
		{8DC768EF-530D-4261-BD35-FC41E13B041E}.Debug|Any CPU.ActiveCfg = Debug|Any CPU
		{8DC768EF-530D-4261-BD35-FC41E13B041E}.Debug|Any CPU.Build.0 = Debug|Any CPU
		{8DC768EF-530D-4261-BD35-FC41E13B041E}.Release|Any CPU.ActiveCfg = Release|Any CPU
		{8DC768EF-530D-4261-BD35-FC41E13B041E}.Release|Any CPU.Build.0 = Release|Any CPU
	EndGlobalSection
	GlobalSection(SolutionProperties) = preSolution
		HideSolutionNode = FALSE
	EndGlobalSection
	GlobalSection(ExtensibilityGlobals) = postSolution
		SolutionGuid = {C9C434AC-B7E4-43AB-834A-F9489766FDFF}
	EndGlobalSection
EndGlobal
