Microsoft Visual Studio Solution File, Format Version 12.00
# Visual Studio Version 17
VisualStudioVersion = 17.5.2.0
MinimumVisualStudioVersion = 10.0.40219.1
Project("{FAE04EC0-301F-11D3-BF4B-00C04F79EFBC}") = "Terminal.Gui", "Terminal.Gui.csproj", "{79692A4F-7704-552C-0EF5-40B81C4F2E81}"
EndProject
Global
	GlobalSection(SolutionConfigurationPlatforms) = preSolution
		Debug|Any CPU = Debug|Any CPU
		Release|Any CPU = Release|Any CPU
	EndGlobalSection
	GlobalSection(ProjectConfigurationPlatforms) = postSolution
		{79692A4F-7704-552C-0EF5-40B81C4F2E81}.Debug|Any CPU.ActiveCfg = Debug|Any CPU
		{79692A4F-7704-552C-0EF5-40B81C4F2E81}.Debug|Any CPU.Build.0 = Debug|Any CPU
		{79692A4F-7704-552C-0EF5-40B81C4F2E81}.Release|Any CPU.ActiveCfg = Release|Any CPU
		{79692A4F-7704-552C-0EF5-40B81C4F2E81}.Release|Any CPU.Build.0 = Release|Any CPU
	EndGlobalSection
	GlobalSection(SolutionProperties) = preSolution
		HideSolutionNode = FALSE
	EndGlobalSection
	GlobalSection(ExtensibilityGlobals) = postSolution
		SolutionGuid = {4B162456-436F-4899-B765-26C9DBD2991D}
	EndGlobalSection
EndGlobal
