
Microsoft Visual Studio Solution File, Format Version 12.00
# Visual Studio Version 16
VisualStudioVersion = 16.0.30011.22
MinimumVisualStudioVersion = 10.0.40219.1
Project("{6EC3EE1D-3C4E-46DD-8F32-0CC8E7565705}") = "FSharpExample", "FSharpExample.fsproj", "{6E4DF691-FA5F-4D7C-8DBC-8656103C5CB1}"
EndProject
Project("{9A19103F-16F7-4668-BE54-9A1E7A4F7556}") = "Terminal.Gui", "..\Terminal.Gui\Terminal.Gui.csproj", "{FA48E777-1308-489D-95A0-89DE46B65A93}"
EndProject
Global
	GlobalSection(SolutionConfigurationPlatforms) = preSolution
		Debug|Any CPU = Debug|Any CPU
		Release|Any CPU = Release|Any CPU
	EndGlobalSection
	GlobalSection(ProjectConfigurationPlatforms) = postSolution
		{6E4DF691-FA5F-4D7C-8DBC-8656103C5CB1}.Debug|Any CPU.ActiveCfg = Debug|Any CPU
		{6E4DF691-FA5F-4D7C-8DBC-8656103C5CB1}.Debug|Any CPU.Build.0 = Debug|Any CPU
		{6E4DF691-FA5F-4D7C-8DBC-8656103C5CB1}.Release|Any CPU.ActiveCfg = Release|Any CPU
		{6E4DF691-FA5F-4D7C-8DBC-8656103C5CB1}.Release|Any CPU.Build.0 = Release|Any CPU
		{FA48E777-1308-489D-95A0-89DE46B65A93}.Debug|Any CPU.ActiveCfg = Debug|Any CPU
		{FA48E777-1308-489D-95A0-89DE46B65A93}.Debug|Any CPU.Build.0 = Debug|Any CPU
		{FA48E777-1308-489D-95A0-89DE46B65A93}.Release|Any CPU.ActiveCfg = Release|Any CPU
		{FA48E777-1308-489D-95A0-89DE46B65A93}.Release|Any CPU.Build.0 = Release|Any CPU
	EndGlobalSection
	GlobalSection(SolutionProperties) = preSolution
		HideSolutionNode = FALSE
	EndGlobalSection
	GlobalSection(ExtensibilityGlobals) = postSolution
		SolutionGuid = {A023D2E3-EF0F-4986-8E6C-323F967788B7}
	EndGlobalSection
EndGlobal
